// !$*UTF8*$!
{
	archiveVersion = 1;
	classes = {
	};
	objectVersion = 50;
	objects = {

/* Begin PBXBuildFile section */
		9A72A0F823D3A5460035D77F /* AppDelegate.swift in Sources */ = {isa = PBXBuildFile; fileRef = 9A72A0F723D3A5460035D77F /* AppDelegate.swift */; };
		9A72A0FA23D3A5460035D77F /* SceneDelegate.swift in Sources */ = {isa = PBXBuildFile; fileRef = 9A72A0F923D3A5460035D77F /* SceneDelegate.swift */; };
		9A72A0FC23D3A5460035D77F /* ViewController.swift in Sources */ = {isa = PBXBuildFile; fileRef = 9A72A0FB23D3A5460035D77F /* ViewController.swift */; };
		9A72A0FF23D3A5460035D77F /* Main.storyboard in Resources */ = {isa = PBXBuildFile; fileRef = 9A72A0FD23D3A5460035D77F /* Main.storyboard */; };
		9A72A10123D3A54B0035D77F /* Assets.xcassets in Resources */ = {isa = PBXBuildFile; fileRef = 9A72A10023D3A54B0035D77F /* Assets.xcassets */; };
		9A72A10423D3A54B0035D77F /* LaunchScreen.storyboard in Resources */ = {isa = PBXBuildFile; fileRef = 9A72A10223D3A54B0035D77F /* LaunchScreen.storyboard */; };
		9A72A10923D3A54B0035D77F /* Project4 WatchKit App.app in Embed Watch Content */ = {isa = PBXBuildFile; fileRef = 9A72A10823D3A54B0035D77F /* Project4 WatchKit App.app */; settings = {ATTRIBUTES = (RemoveHeadersOnCopy, ); }; };
		9A72A10F23D3A54B0035D77F /* Interface.storyboard in Resources */ = {isa = PBXBuildFile; fileRef = 9A72A10D23D3A54B0035D77F /* Interface.storyboard */; };
		9A72A11123D3A54E0035D77F /* Assets.xcassets in Resources */ = {isa = PBXBuildFile; fileRef = 9A72A11023D3A54E0035D77F /* Assets.xcassets */; };
		9A72A11823D3A54E0035D77F /* Project4 WatchKit Extension.appex in Embed App Extensions */ = {isa = PBXBuildFile; fileRef = 9A72A11723D3A54E0035D77F /* Project4 WatchKit Extension.appex */; settings = {ATTRIBUTES = (RemoveHeadersOnCopy, ); }; };
		9A72A11D23D3A54E0035D77F /* InterfaceController.swift in Sources */ = {isa = PBXBuildFile; fileRef = 9A72A11C23D3A54E0035D77F /* InterfaceController.swift */; };
		9A72A11F23D3A54E0035D77F /* ExtensionDelegate.swift in Sources */ = {isa = PBXBuildFile; fileRef = 9A72A11E23D3A54E0035D77F /* ExtensionDelegate.swift */; };
		9A72A12123D3A5510035D77F /* Assets.xcassets in Resources */ = {isa = PBXBuildFile; fileRef = 9A72A12023D3A5510035D77F /* Assets.xcassets */; };
		9A72A13123D3AB700035D77F /* CurrencyRow.swift in Sources */ = {isa = PBXBuildFile; fileRef = 9A72A13023D3AB700035D77F /* CurrencyRow.swift */; };
		9A72A13323D3ABEB0035D77F /* CurrenciesInterfaceController.swift in Sources */ = {isa = PBXBuildFile; fileRef = 9A72A13223D3ABEB0035D77F /* CurrenciesInterfaceController.swift */; };
		9A72A13523D3B51A0035D77F /* ResultsInterfaceController.swift in Sources */ = {isa = PBXBuildFile; fileRef = 9A72A13423D3B51A0035D77F /* ResultsInterfaceController.swift */; };
		9A72A13723D3E8F10035D77F /* CurrencyResult.swift in Sources */ = {isa = PBXBuildFile; fileRef = 9A72A13623D3E8F10035D77F /* CurrencyResult.swift */; };
/* End PBXBuildFile section */

/* Begin PBXContainerItemProxy section */
		9A72A10A23D3A54B0035D77F /* PBXContainerItemProxy */ = {
			isa = PBXContainerItemProxy;
			containerPortal = 9A72A0EC23D3A5460035D77F /* Project object */;
			proxyType = 1;
			remoteGlobalIDString = 9A72A10723D3A54B0035D77F;
			remoteInfo = "Project4 WatchKit App";
		};
		9A72A11923D3A54E0035D77F /* PBXContainerItemProxy */ = {
			isa = PBXContainerItemProxy;
			containerPortal = 9A72A0EC23D3A5460035D77F /* Project object */;
			proxyType = 1;
			remoteGlobalIDString = 9A72A11623D3A54E0035D77F;
			remoteInfo = "Project4 WatchKit Extension";
		};
/* End PBXContainerItemProxy section */

/* Begin PBXCopyFilesBuildPhase section */
		9A72A12823D3A5510035D77F /* Embed App Extensions */ = {
			isa = PBXCopyFilesBuildPhase;
			buildActionMask = 2147483647;
			dstPath = "";
			dstSubfolderSpec = 13;
			files = (
				9A72A11823D3A54E0035D77F /* Project4 WatchKit Extension.appex in Embed App Extensions */,
			);
			name = "Embed App Extensions";
			runOnlyForDeploymentPostprocessing = 0;
		};
		9A72A12C23D3A5510035D77F /* Embed Watch Content */ = {
			isa = PBXCopyFilesBuildPhase;
			buildActionMask = 2147483647;
			dstPath = "$(CONTENTS_FOLDER_PATH)/Watch";
			dstSubfolderSpec = 16;
			files = (
				9A72A10923D3A54B0035D77F /* Project4 WatchKit App.app in Embed Watch Content */,
			);
			name = "Embed Watch Content";
			runOnlyForDeploymentPostprocessing = 0;
		};
/* End PBXCopyFilesBuildPhase section */

/* Begin PBXFileReference section */
		9A72A0F423D3A5460035D77F /* Project4.app */ = {isa = PBXFileReference; explicitFileType = wrapper.application; includeInIndex = 0; path = Project4.app; sourceTree = BUILT_PRODUCTS_DIR; };
		9A72A0F723D3A5460035D77F /* AppDelegate.swift */ = {isa = PBXFileReference; lastKnownFileType = sourcecode.swift; path = AppDelegate.swift; sourceTree = "<group>"; };
		9A72A0F923D3A5460035D77F /* SceneDelegate.swift */ = {isa = PBXFileReference; lastKnownFileType = sourcecode.swift; path = SceneDelegate.swift; sourceTree = "<group>"; };
		9A72A0FB23D3A5460035D77F /* ViewController.swift */ = {isa = PBXFileReference; lastKnownFileType = sourcecode.swift; path = ViewController.swift; sourceTree = "<group>"; };
		9A72A0FE23D3A5460035D77F /* Base */ = {isa = PBXFileReference; lastKnownFileType = file.storyboard; name = Base; path = Base.lproj/Main.storyboard; sourceTree = "<group>"; };
		9A72A10023D3A54B0035D77F /* Assets.xcassets */ = {isa = PBXFileReference; lastKnownFileType = folder.assetcatalog; path = Assets.xcassets; sourceTree = "<group>"; };
		9A72A10323D3A54B0035D77F /* Base */ = {isa = PBXFileReference; lastKnownFileType = file.storyboard; name = Base; path = Base.lproj/LaunchScreen.storyboard; sourceTree = "<group>"; };
		9A72A10523D3A54B0035D77F /* Info.plist */ = {isa = PBXFileReference; lastKnownFileType = text.plist.xml; path = Info.plist; sourceTree = "<group>"; };
		9A72A10823D3A54B0035D77F /* Project4 WatchKit App.app */ = {isa = PBXFileReference; explicitFileType = wrapper.application; includeInIndex = 0; path = "Project4 WatchKit App.app"; sourceTree = BUILT_PRODUCTS_DIR; };
		9A72A10E23D3A54B0035D77F /* Base */ = {isa = PBXFileReference; lastKnownFileType = file.storyboard; name = Base; path = Base.lproj/Interface.storyboard; sourceTree = "<group>"; };
		9A72A11023D3A54E0035D77F /* Assets.xcassets */ = {isa = PBXFileReference; lastKnownFileType = folder.assetcatalog; path = Assets.xcassets; sourceTree = "<group>"; };
		9A72A11223D3A54E0035D77F /* Info.plist */ = {isa = PBXFileReference; lastKnownFileType = text.plist.xml; path = Info.plist; sourceTree = "<group>"; };
		9A72A11723D3A54E0035D77F /* Project4 WatchKit Extension.appex */ = {isa = PBXFileReference; explicitFileType = "wrapper.app-extension"; includeInIndex = 0; path = "Project4 WatchKit Extension.appex"; sourceTree = BUILT_PRODUCTS_DIR; };
		9A72A11C23D3A54E0035D77F /* InterfaceController.swift */ = {isa = PBXFileReference; lastKnownFileType = sourcecode.swift; path = InterfaceController.swift; sourceTree = "<group>"; };
		9A72A11E23D3A54E0035D77F /* ExtensionDelegate.swift */ = {isa = PBXFileReference; lastKnownFileType = sourcecode.swift; path = ExtensionDelegate.swift; sourceTree = "<group>"; };
		9A72A12023D3A5510035D77F /* Assets.xcassets */ = {isa = PBXFileReference; lastKnownFileType = folder.assetcatalog; path = Assets.xcassets; sourceTree = "<group>"; };
		9A72A12223D3A5510035D77F /* Info.plist */ = {isa = PBXFileReference; lastKnownFileType = text.plist.xml; path = Info.plist; sourceTree = "<group>"; };
		9A72A13023D3AB700035D77F /* CurrencyRow.swift */ = {isa = PBXFileReference; lastKnownFileType = sourcecode.swift; path = CurrencyRow.swift; sourceTree = "<group>"; };
		9A72A13223D3ABEB0035D77F /* CurrenciesInterfaceController.swift */ = {isa = PBXFileReference; lastKnownFileType = sourcecode.swift; path = CurrenciesInterfaceController.swift; sourceTree = "<group>"; };
		9A72A13423D3B51A0035D77F /* ResultsInterfaceController.swift */ = {isa = PBXFileReference; lastKnownFileType = sourcecode.swift; path = ResultsInterfaceController.swift; sourceTree = "<group>"; };
		9A72A13623D3E8F10035D77F /* CurrencyResult.swift */ = {isa = PBXFileReference; lastKnownFileType = sourcecode.swift; path = CurrencyResult.swift; sourceTree = "<group>"; };
/* End PBXFileReference section */

/* Begin PBXFrameworksBuildPhase section */
		9A72A0F123D3A5460035D77F /* Frameworks */ = {
			isa = PBXFrameworksBuildPhase;
			buildActionMask = 2147483647;
			files = (
			);
			runOnlyForDeploymentPostprocessing = 0;
		};
		9A72A11423D3A54E0035D77F /* Frameworks */ = {
			isa = PBXFrameworksBuildPhase;
			buildActionMask = 2147483647;
			files = (
			);
			runOnlyForDeploymentPostprocessing = 0;
		};
/* End PBXFrameworksBuildPhase section */

/* Begin PBXGroup section */
		9A72A0EB23D3A5460035D77F = {
			isa = PBXGroup;
			children = (
				9A72A0F623D3A5460035D77F /* Project4 */,
				9A72A10C23D3A54B0035D77F /* Project4 WatchKit App */,
				9A72A11B23D3A54E0035D77F /* Project4 WatchKit Extension */,
				9A72A0F523D3A5460035D77F /* Products */,
			);
			sourceTree = "<group>";
		};
		9A72A0F523D3A5460035D77F /* Products */ = {
			isa = PBXGroup;
			children = (
				9A72A0F423D3A5460035D77F /* Project4.app */,
				9A72A10823D3A54B0035D77F /* Project4 WatchKit App.app */,
				9A72A11723D3A54E0035D77F /* Project4 WatchKit Extension.appex */,
			);
			name = Products;
			sourceTree = "<group>";
		};
		9A72A0F623D3A5460035D77F /* Project4 */ = {
			isa = PBXGroup;
			children = (
				9A72A0F723D3A5460035D77F /* AppDelegate.swift */,
				9A72A0F923D3A5460035D77F /* SceneDelegate.swift */,
				9A72A0FB23D3A5460035D77F /* ViewController.swift */,
				9A72A0FD23D3A5460035D77F /* Main.storyboard */,
				9A72A10023D3A54B0035D77F /* Assets.xcassets */,
				9A72A10223D3A54B0035D77F /* LaunchScreen.storyboard */,
				9A72A10523D3A54B0035D77F /* Info.plist */,
			);
			path = Project4;
			sourceTree = "<group>";
		};
		9A72A10C23D3A54B0035D77F /* Project4 WatchKit App */ = {
			isa = PBXGroup;
			children = (
				9A72A10D23D3A54B0035D77F /* Interface.storyboard */,
				9A72A11023D3A54E0035D77F /* Assets.xcassets */,
				9A72A11223D3A54E0035D77F /* Info.plist */,
			);
			path = "Project4 WatchKit App";
			sourceTree = "<group>";
		};
		9A72A11B23D3A54E0035D77F /* Project4 WatchKit Extension */ = {
			isa = PBXGroup;
			children = (
				9A72A11C23D3A54E0035D77F /* InterfaceController.swift */,
				9A72A11E23D3A54E0035D77F /* ExtensionDelegate.swift */,
				9A72A12023D3A5510035D77F /* Assets.xcassets */,
				9A72A12223D3A5510035D77F /* Info.plist */,
				9A72A13023D3AB700035D77F /* CurrencyRow.swift */,
				9A72A13223D3ABEB0035D77F /* CurrenciesInterfaceController.swift */,
				9A72A13423D3B51A0035D77F /* ResultsInterfaceController.swift */,
				9A72A13623D3E8F10035D77F /* CurrencyResult.swift */,
			);
			path = "Project4 WatchKit Extension";
			sourceTree = "<group>";
		};
/* End PBXGroup section */

/* Begin PBXNativeTarget section */
		9A72A0F323D3A5460035D77F /* Project4 */ = {
			isa = PBXNativeTarget;
			buildConfigurationList = 9A72A12D23D3A5510035D77F /* Build configuration list for PBXNativeTarget "Project4" */;
			buildPhases = (
				9A72A0F023D3A5460035D77F /* Sources */,
				9A72A0F123D3A5460035D77F /* Frameworks */,
				9A72A0F223D3A5460035D77F /* Resources */,
				9A72A12C23D3A5510035D77F /* Embed Watch Content */,
			);
			buildRules = (
			);
			dependencies = (
				9A72A10B23D3A54B0035D77F /* PBXTargetDependency */,
			);
			name = Project4;
			productName = Project4;
			productReference = 9A72A0F423D3A5460035D77F /* Project4.app */;
			productType = "com.apple.product-type.application";
		};
		9A72A10723D3A54B0035D77F /* Project4 WatchKit App */ = {
			isa = PBXNativeTarget;
			buildConfigurationList = 9A72A12923D3A5510035D77F /* Build configuration list for PBXNativeTarget "Project4 WatchKit App" */;
			buildPhases = (
				9A72A10623D3A54B0035D77F /* Resources */,
				9A72A12823D3A5510035D77F /* Embed App Extensions */,
			);
			buildRules = (
			);
			dependencies = (
				9A72A11A23D3A54E0035D77F /* PBXTargetDependency */,
			);
			name = "Project4 WatchKit App";
			productName = "Project4 WatchKit App";
			productReference = 9A72A10823D3A54B0035D77F /* Project4 WatchKit App.app */;
			productType = "com.apple.product-type.application.watchapp2";
		};
		9A72A11623D3A54E0035D77F /* Project4 WatchKit Extension */ = {
			isa = PBXNativeTarget;
			buildConfigurationList = 9A72A12523D3A5510035D77F /* Build configuration list for PBXNativeTarget "Project4 WatchKit Extension" */;
			buildPhases = (
				9A72A11323D3A54E0035D77F /* Sources */,
				9A72A11423D3A54E0035D77F /* Frameworks */,
				9A72A11523D3A54E0035D77F /* Resources */,
			);
			buildRules = (
			);
			dependencies = (
			);
			name = "Project4 WatchKit Extension";
			productName = "Project4 WatchKit Extension";
			productReference = 9A72A11723D3A54E0035D77F /* Project4 WatchKit Extension.appex */;
			productType = "com.apple.product-type.watchkit2-extension";
		};
/* End PBXNativeTarget section */

/* Begin PBXProject section */
		9A72A0EC23D3A5460035D77F /* Project object */ = {
			isa = PBXProject;
			attributes = {
				LastSwiftUpdateCheck = 1130;
				LastUpgradeCheck = 1130;
				ORGANIZATIONNAME = "Ian McDonald";
				TargetAttributes = {
					9A72A0F323D3A5460035D77F = {
						CreatedOnToolsVersion = 11.3.1;
					};
					9A72A10723D3A54B0035D77F = {
						CreatedOnToolsVersion = 11.3.1;
					};
					9A72A11623D3A54E0035D77F = {
						CreatedOnToolsVersion = 11.3.1;
					};
				};
			};
			buildConfigurationList = 9A72A0EF23D3A5460035D77F /* Build configuration list for PBXProject "Project4" */;
			compatibilityVersion = "Xcode 9.3";
			developmentRegion = en;
			hasScannedForEncodings = 0;
			knownRegions = (
				en,
				Base,
			);
			mainGroup = 9A72A0EB23D3A5460035D77F;
			productRefGroup = 9A72A0F523D3A5460035D77F /* Products */;
			projectDirPath = "";
			projectRoot = "";
			targets = (
				9A72A0F323D3A5460035D77F /* Project4 */,
				9A72A10723D3A54B0035D77F /* Project4 WatchKit App */,
				9A72A11623D3A54E0035D77F /* Project4 WatchKit Extension */,
			);
		};
/* End PBXProject section */

/* Begin PBXResourcesBuildPhase section */
		9A72A0F223D3A5460035D77F /* Resources */ = {
			isa = PBXResourcesBuildPhase;
			buildActionMask = 2147483647;
			files = (
				9A72A10423D3A54B0035D77F /* LaunchScreen.storyboard in Resources */,
				9A72A10123D3A54B0035D77F /* Assets.xcassets in Resources */,
				9A72A0FF23D3A5460035D77F /* Main.storyboard in Resources */,
			);
			runOnlyForDeploymentPostprocessing = 0;
		};
		9A72A10623D3A54B0035D77F /* Resources */ = {
			isa = PBXResourcesBuildPhase;
			buildActionMask = 2147483647;
			files = (
				9A72A11123D3A54E0035D77F /* Assets.xcassets in Resources */,
				9A72A10F23D3A54B0035D77F /* Interface.storyboard in Resources */,
			);
			runOnlyForDeploymentPostprocessing = 0;
		};
		9A72A11523D3A54E0035D77F /* Resources */ = {
			isa = PBXResourcesBuildPhase;
			buildActionMask = 2147483647;
			files = (
				9A72A12123D3A5510035D77F /* Assets.xcassets in Resources */,
			);
			runOnlyForDeploymentPostprocessing = 0;
		};
/* End PBXResourcesBuildPhase section */

/* Begin PBXSourcesBuildPhase section */
		9A72A0F023D3A5460035D77F /* Sources */ = {
			isa = PBXSourcesBuildPhase;
			buildActionMask = 2147483647;
			files = (
				9A72A0FC23D3A5460035D77F /* ViewController.swift in Sources */,
				9A72A0F823D3A5460035D77F /* AppDelegate.swift in Sources */,
				9A72A0FA23D3A5460035D77F /* SceneDelegate.swift in Sources */,
			);
			runOnlyForDeploymentPostprocessing = 0;
		};
		9A72A11323D3A54E0035D77F /* Sources */ = {
			isa = PBXSourcesBuildPhase;
			buildActionMask = 2147483647;
			files = (
				9A72A13523D3B51A0035D77F /* ResultsInterfaceController.swift in Sources */,
				9A72A13723D3E8F10035D77F /* CurrencyResult.swift in Sources */,
				9A72A13123D3AB700035D77F /* CurrencyRow.swift in Sources */,
				9A72A11F23D3A54E0035D77F /* ExtensionDelegate.swift in Sources */,
				9A72A13323D3ABEB0035D77F /* CurrenciesInterfaceController.swift in Sources */,
				9A72A11D23D3A54E0035D77F /* InterfaceController.swift in Sources */,
			);
			runOnlyForDeploymentPostprocessing = 0;
		};
/* End PBXSourcesBuildPhase section */

/* Begin PBXTargetDependency section */
		9A72A10B23D3A54B0035D77F /* PBXTargetDependency */ = {
			isa = PBXTargetDependency;
			target = 9A72A10723D3A54B0035D77F /* Project4 WatchKit App */;
			targetProxy = 9A72A10A23D3A54B0035D77F /* PBXContainerItemProxy */;
		};
		9A72A11A23D3A54E0035D77F /* PBXTargetDependency */ = {
			isa = PBXTargetDependency;
			target = 9A72A11623D3A54E0035D77F /* Project4 WatchKit Extension */;
			targetProxy = 9A72A11923D3A54E0035D77F /* PBXContainerItemProxy */;
		};
/* End PBXTargetDependency section */

/* Begin PBXVariantGroup section */
		9A72A0FD23D3A5460035D77F /* Main.storyboard */ = {
			isa = PBXVariantGroup;
			children = (
				9A72A0FE23D3A5460035D77F /* Base */,
			);
			name = Main.storyboard;
			sourceTree = "<group>";
		};
		9A72A10223D3A54B0035D77F /* LaunchScreen.storyboard */ = {
			isa = PBXVariantGroup;
			children = (
				9A72A10323D3A54B0035D77F /* Base */,
			);
			name = LaunchScreen.storyboard;
			sourceTree = "<group>";
		};
		9A72A10D23D3A54B0035D77F /* Interface.storyboard */ = {
			isa = PBXVariantGroup;
			children = (
				9A72A10E23D3A54B0035D77F /* Base */,
			);
			name = Interface.storyboard;
			sourceTree = "<group>";
		};
/* End PBXVariantGroup section */

/* Begin XCBuildConfiguration section */
		9A72A12323D3A5510035D77F /* Debug */ = {
			isa = XCBuildConfiguration;
			buildSettings = {
				ALWAYS_SEARCH_USER_PATHS = NO;
				CLANG_ANALYZER_NONNULL = YES;
				CLANG_ANALYZER_NUMBER_OBJECT_CONVERSION = YES_AGGRESSIVE;
				CLANG_CXX_LANGUAGE_STANDARD = "gnu++14";
				CLANG_CXX_LIBRARY = "libc++";
				CLANG_ENABLE_MODULES = YES;
				CLANG_ENABLE_OBJC_ARC = YES;
				CLANG_ENABLE_OBJC_WEAK = YES;
				CLANG_WARN_BLOCK_CAPTURE_AUTORELEASING = YES;
				CLANG_WARN_BOOL_CONVERSION = YES;
				CLANG_WARN_COMMA = YES;
				CLANG_WARN_CONSTANT_CONVERSION = YES;
				CLANG_WARN_DEPRECATED_OBJC_IMPLEMENTATIONS = YES;
				CLANG_WARN_DIRECT_OBJC_ISA_USAGE = YES_ERROR;
				CLANG_WARN_DOCUMENTATION_COMMENTS = YES;
				CLANG_WARN_EMPTY_BODY = YES;
				CLANG_WARN_ENUM_CONVERSION = YES;
				CLANG_WARN_INFINITE_RECURSION = YES;
				CLANG_WARN_INT_CONVERSION = YES;
				CLANG_WARN_NON_LITERAL_NULL_CONVERSION = YES;
				CLANG_WARN_OBJC_IMPLICIT_RETAIN_SELF = YES;
				CLANG_WARN_OBJC_LITERAL_CONVERSION = YES;
				CLANG_WARN_OBJC_ROOT_CLASS = YES_ERROR;
				CLANG_WARN_RANGE_LOOP_ANALYSIS = YES;
				CLANG_WARN_STRICT_PROTOTYPES = YES;
				CLANG_WARN_SUSPICIOUS_MOVE = YES;
				CLANG_WARN_UNGUARDED_AVAILABILITY = YES_AGGRESSIVE;
				CLANG_WARN_UNREACHABLE_CODE = YES;
				CLANG_WARN__DUPLICATE_METHOD_MATCH = YES;
				COPY_PHASE_STRIP = NO;
				DEBUG_INFORMATION_FORMAT = dwarf;
				ENABLE_STRICT_OBJC_MSGSEND = YES;
				ENABLE_TESTABILITY = YES;
				GCC_C_LANGUAGE_STANDARD = gnu11;
				GCC_DYNAMIC_NO_PIC = NO;
				GCC_NO_COMMON_BLOCKS = YES;
				GCC_OPTIMIZATION_LEVEL = 0;
				GCC_PREPROCESSOR_DEFINITIONS = (
					"DEBUG=1",
					"$(inherited)",
				);
				GCC_WARN_64_TO_32_BIT_CONVERSION = YES;
				GCC_WARN_ABOUT_RETURN_TYPE = YES_ERROR;
				GCC_WARN_UNDECLARED_SELECTOR = YES;
				GCC_WARN_UNINITIALIZED_AUTOS = YES_AGGRESSIVE;
				GCC_WARN_UNUSED_FUNCTION = YES;
				GCC_WARN_UNUSED_VARIABLE = YES;
				IPHONEOS_DEPLOYMENT_TARGET = 13.2;
				MTL_ENABLE_DEBUG_INFO = INCLUDE_SOURCE;
				MTL_FAST_MATH = YES;
				ONLY_ACTIVE_ARCH = YES;
				SDKROOT = iphoneos;
				SWIFT_ACTIVE_COMPILATION_CONDITIONS = DEBUG;
				SWIFT_OPTIMIZATION_LEVEL = "-Onone";
			};
			name = Debug;
		};
		9A72A12423D3A5510035D77F /* Release */ = {
			isa = XCBuildConfiguration;
			buildSettings = {
				ALWAYS_SEARCH_USER_PATHS = NO;
				CLANG_ANALYZER_NONNULL = YES;
				CLANG_ANALYZER_NUMBER_OBJECT_CONVERSION = YES_AGGRESSIVE;
				CLANG_CXX_LANGUAGE_STANDARD = "gnu++14";
				CLANG_CXX_LIBRARY = "libc++";
				CLANG_ENABLE_MODULES = YES;
				CLANG_ENABLE_OBJC_ARC = YES;
				CLANG_ENABLE_OBJC_WEAK = YES;
				CLANG_WARN_BLOCK_CAPTURE_AUTORELEASING = YES;
				CLANG_WARN_BOOL_CONVERSION = YES;
				CLANG_WARN_COMMA = YES;
				CLANG_WARN_CONSTANT_CONVERSION = YES;
				CLANG_WARN_DEPRECATED_OBJC_IMPLEMENTATIONS = YES;
				CLANG_WARN_DIRECT_OBJC_ISA_USAGE = YES_ERROR;
				CLANG_WARN_DOCUMENTATION_COMMENTS = YES;
				CLANG_WARN_EMPTY_BODY = YES;
				CLANG_WARN_ENUM_CONVERSION = YES;
				CLANG_WARN_INFINITE_RECURSION = YES;
				CLANG_WARN_INT_CONVERSION = YES;
				CLANG_WARN_NON_LITERAL_NULL_CONVERSION = YES;
				CLANG_WARN_OBJC_IMPLICIT_RETAIN_SELF = YES;
				CLANG_WARN_OBJC_LITERAL_CONVERSION = YES;
				CLANG_WARN_OBJC_ROOT_CLASS = YES_ERROR;
				CLANG_WARN_RANGE_LOOP_ANALYSIS = YES;
				CLANG_WARN_STRICT_PROTOTYPES = YES;
				CLANG_WARN_SUSPICIOUS_MOVE = YES;
				CLANG_WARN_UNGUARDED_AVAILABILITY = YES_AGGRESSIVE;
				CLANG_WARN_UNREACHABLE_CODE = YES;
				CLANG_WARN__DUPLICATE_METHOD_MATCH = YES;
				COPY_PHASE_STRIP = NO;
				DEBUG_INFORMATION_FORMAT = "dwarf-with-dsym";
				ENABLE_NS_ASSERTIONS = NO;
				ENABLE_STRICT_OBJC_MSGSEND = YES;
				GCC_C_LANGUAGE_STANDARD = gnu11;
				GCC_NO_COMMON_BLOCKS = YES;
				GCC_WARN_64_TO_32_BIT_CONVERSION = YES;
				GCC_WARN_ABOUT_RETURN_TYPE = YES_ERROR;
				GCC_WARN_UNDECLARED_SELECTOR = YES;
				GCC_WARN_UNINITIALIZED_AUTOS = YES_AGGRESSIVE;
				GCC_WARN_UNUSED_FUNCTION = YES;
				GCC_WARN_UNUSED_VARIABLE = YES;
				IPHONEOS_DEPLOYMENT_TARGET = 13.2;
				MTL_ENABLE_DEBUG_INFO = NO;
				MTL_FAST_MATH = YES;
				SDKROOT = iphoneos;
				SWIFT_COMPILATION_MODE = wholemodule;
				SWIFT_OPTIMIZATION_LEVEL = "-O";
				VALIDATE_PRODUCT = YES;
			};
			name = Release;
		};
		9A72A12623D3A5510035D77F /* Debug */ = {
			isa = XCBuildConfiguration;
			buildSettings = {
				ASSETCATALOG_COMPILER_COMPLICATION_NAME = Complication;
				CODE_SIGN_STYLE = Automatic;
				DEVELOPMENT_TEAM = K54LCAPFUW;
				INFOPLIST_FILE = "Project4 WatchKit Extension/Info.plist";
				LD_RUNPATH_SEARCH_PATHS = (
					"$(inherited)",
					"@executable_path/Frameworks",
					"@executable_path/../../Frameworks",
				);
				PRODUCT_BUNDLE_IDENTIFIER = me.ianmcdonald.Project4.watchkitapp.watchkitextension;
				PRODUCT_NAME = "${TARGET_NAME}";
				SDKROOT = watchos;
				SKIP_INSTALL = YES;
				SWIFT_VERSION = 5.0;
				TARGETED_DEVICE_FAMILY = 4;
				WATCHOS_DEPLOYMENT_TARGET = 6.1;
			};
			name = Debug;
		};
		9A72A12723D3A5510035D77F /* Release */ = {
			isa = XCBuildConfiguration;
			buildSettings = {
				ASSETCATALOG_COMPILER_COMPLICATION_NAME = Complication;
				CODE_SIGN_STYLE = Automatic;
				DEVELOPMENT_TEAM = K54LCAPFUW;
				INFOPLIST_FILE = "Project4 WatchKit Extension/Info.plist";
				LD_RUNPATH_SEARCH_PATHS = (
					"$(inherited)",
					"@executable_path/Frameworks",
					"@executable_path/../../Frameworks",
				);
				PRODUCT_BUNDLE_IDENTIFIER = me.ianmcdonald.Project4.watchkitapp.watchkitextension;
				PRODUCT_NAME = "${TARGET_NAME}";
				SDKROOT = watchos;
				SKIP_INSTALL = YES;
				SWIFT_VERSION = 5.0;
				TARGETED_DEVICE_FAMILY = 4;
				WATCHOS_DEPLOYMENT_TARGET = 6.1;
			};
			name = Release;
		};
		9A72A12A23D3A5510035D77F /* Debug */ = {
			isa = XCBuildConfiguration;
			buildSettings = {
				ALWAYS_EMBED_SWIFT_STANDARD_LIBRARIES = YES;
				ASSETCATALOG_COMPILER_APPICON_NAME = AppIcon;
				CODE_SIGN_STYLE = Automatic;
				DEVELOPMENT_TEAM = K54LCAPFUW;
				IBSC_MODULE = Project4_WatchKit_Extension;
				INFOPLIST_FILE = "Project4 WatchKit App/Info.plist";
				PRODUCT_BUNDLE_IDENTIFIER = me.ianmcdonald.Project4.watchkitapp;
				PRODUCT_NAME = "$(TARGET_NAME)";
				SDKROOT = watchos;
				SKIP_INSTALL = YES;
				SWIFT_VERSION = 5.0;
				TARGETED_DEVICE_FAMILY = 4;
				WATCHOS_DEPLOYMENT_TARGET = 6.1;
			};
			name = Debug;
		};
		9A72A12B23D3A5510035D77F /* Release */ = {
			isa = XCBuildConfiguration;
			buildSettings = {
				ALWAYS_EMBED_SWIFT_STANDARD_LIBRARIES = YES;
				ASSETCATALOG_COMPILER_APPICON_NAME = AppIcon;
				CODE_SIGN_STYLE = Automatic;
				DEVELOPMENT_TEAM = K54LCAPFUW;
				IBSC_MODULE = Project4_WatchKit_Extension;
				INFOPLIST_FILE = "Project4 WatchKit App/Info.plist";
				PRODUCT_BUNDLE_IDENTIFIER = me.ianmcdonald.Project4.watchkitapp;
				PRODUCT_NAME = "$(TARGET_NAME)";
				SDKROOT = watchos;
				SKIP_INSTALL = YES;
				SWIFT_VERSION = 5.0;
				TARGETED_DEVICE_FAMILY = 4;
				WATCHOS_DEPLOYMENT_TARGET = 6.1;
			};
			name = Release;
		};
		9A72A12E23D3A5510035D77F /* Debug */ = {
			isa = XCBuildConfiguration;
			buildSettings = {
				ASSETCATALOG_COMPILER_APPICON_NAME = AppIcon;
				CODE_SIGN_STYLE = Automatic;
				DEVELOPMENT_TEAM = K54LCAPFUW;
				INFOPLIST_FILE = Project4/Info.plist;
				LD_RUNPATH_SEARCH_PATHS = (
					"$(inherited)",
					"@executable_path/Frameworks",
				);
				PRODUCT_BUNDLE_IDENTIFIER = me.ianmcdonald.Project4;
				PRODUCT_NAME = "$(TARGET_NAME)";
				SWIFT_VERSION = 5.0;
				TARGETED_DEVICE_FAMILY = "1,2";
			};
			name = Debug;
		};
		9A72A12F23D3A5510035D77F /* Release */ = {
			isa = XCBuildConfiguration;
			buildSettings = {
				ASSETCATALOG_COMPILER_APPICON_NAME = AppIcon;
				CODE_SIGN_STYLE = Automatic;
				DEVELOPMENT_TEAM = K54LCAPFUW;
				INFOPLIST_FILE = Project4/Info.plist;
				LD_RUNPATH_SEARCH_PATHS = (
					"$(inherited)",
					"@executable_path/Frameworks",
				);
				PRODUCT_BUNDLE_IDENTIFIER = me.ianmcdonald.Project4;
				PRODUCT_NAME = "$(TARGET_NAME)";
				SWIFT_VERSION = 5.0;
				TARGETED_DEVICE_FAMILY = "1,2";
			};
			name = Release;
		};
/* End XCBuildConfiguration section */

/* Begin XCConfigurationList section */
		9A72A0EF23D3A5460035D77F /* Build configuration list for PBXProject "Project4" */ = {
			isa = XCConfigurationList;
			buildConfigurations = (
				9A72A12323D3A5510035D77F /* Debug */,
				9A72A12423D3A5510035D77F /* Release */,
			);
			defaultConfigurationIsVisible = 0;
			defaultConfigurationName = Release;
		};
		9A72A12523D3A5510035D77F /* Build configuration list for PBXNativeTarget "Project4 WatchKit Extension" */ = {
			isa = XCConfigurationList;
			buildConfigurations = (
				9A72A12623D3A5510035D77F /* Debug */,
				9A72A12723D3A5510035D77F /* Release */,
			);
			defaultConfigurationIsVisible = 0;
			defaultConfigurationName = Release;
		};
		9A72A12923D3A5510035D77F /* Build configuration list for PBXNativeTarget "Project4 WatchKit App" */ = {
			isa = XCConfigurationList;
			buildConfigurations = (
				9A72A12A23D3A5510035D77F /* Debug */,
				9A72A12B23D3A5510035D77F /* Release */,
			);
			defaultConfigurationIsVisible = 0;
			defaultConfigurationName = Release;
		};
		9A72A12D23D3A5510035D77F /* Build configuration list for PBXNativeTarget "Project4" */ = {
			isa = XCConfigurationList;
			buildConfigurations = (
				9A72A12E23D3A5510035D77F /* Debug */,
				9A72A12F23D3A5510035D77F /* Release */,
			);
			defaultConfigurationIsVisible = 0;
			defaultConfigurationName = Release;
		};
/* End XCConfigurationList section */
	};
	rootObject = 9A72A0EC23D3A5460035D77F /* Project object */;
}
